{
  "name": "@scream-code/memory",
  "version": "0.6.10",
  "lockfileVersion": 3,
  "requires": true,
  "packages": {
    "": {
      "name": "@scream-code/memory",
      "version": "0.6.10",
      "license": "MIT",
      "dependencies": {
        "@photostructure/sqlite-vec": "^1.1.1",
        "fastembed": "^2.1.0",
        "pathe": "^2.0.3"
      }
    },
    "../../node_modules/.pnpm/fastembed@2.1.0/node_modules/fastembed": {
      "version": "2.1.0",
      "license": "MIT",
      "dependencies": {
        "@anush008/tokenizers": "^0.0.0",
        "@huggingface/hub": "^2.7.1",
        "onnxruntime-node": "1.21.0",
        "progress": "^2.0.3",
        "tar": "^6.2.0"
      },
      "devDependencies": {
        "@types/progress": "^2.0.5",
        "@types/tar": "^6.1.6",
        "typescript": "^5.2.2",
        "vitest": "^0.34.4"
      }
    },
    "../../node_modules/.pnpm/pathe@2.0.3/node_modules/pathe": {
      "version": "2.0.3",
      "license": "MIT",
      "devDependencies": {
        "@types/node": "^22.13.1",
        "@vitest/coverage-v8": "^3.0.5",
        "changelogen": "^0.5.7",
        "esbuild": "^0.25.0",
        "eslint": "^9.20.1",
        "eslint-config-unjs": "^0.4.2",
        "jiti": "^2.4.2",
        "prettier": "^3.5.0",
        "typescript": "^5.7.3",
        "unbuild": "^3.3.1",
        "vitest": "^3.0.5",
        "zeptomatch": "^2.0.0"
      }
    },
    "node_modules/@photostructure/sqlite-vec": {
      "version": "1.1.1",
      "resolved": "https://registry.npmjs.org/@photostructure/sqlite-vec/-/sqlite-vec-1.1.1.tgz",
      "integrity": "sha512-XhqpTq8ycMN4UJZbNNp4EEHAnY5ADlYai9Gk0qZZ6A2Kw48GZ1Li5WQrZBmipqSSZWmCS1Xwx09HUt1EuYo6qA==",
      "license": "(MIT OR Apache-2.0)",
      "os": [
        "darwin",
        "linux",
        "win32"
      ],
      "engines": {
        "node": ">=14.0.0"
      }
    },
    "node_modules/fastembed": {
      "resolved": "../../node_modules/.pnpm/fastembed@2.1.0/node_modules/fastembed",
      "link": true
    },
    "node_modules/pathe": {
      "resolved": "../../node_modules/.pnpm/pathe@2.0.3/node_modules/pathe",
      "link": true
    }
  }
}
